
Microsoft Visual Studio Solution File, Format Version 12.00
# Visual Studio Version 17
VisualStudioVersion = 17.9.34723.18
MinimumVisualStudioVersion = 10.0.40219.1
Project("{FAE04EC0-301F-11D3-BF4B-00C04F79EFBC}") = "Lab#3; PA", "Lab#3; PA\Lab#3; PA.csproj", "{EE35BA22-7A7D-48D1-9977-DA7F9AC1A27F}"
EndProject
Global
	GlobalSection(SolutionConfigurationPlatforms) = preSolution
		Debug|Any CPU = Debug|Any CPU
		Release|Any CPU = Release|Any CPU
	EndGlobalSection
	GlobalSection(ProjectConfigurationPlatforms) = postSolution
		{EE35BA22-7A7D-48D1-9977-DA7F9AC1A27F}.Debug|Any CPU.ActiveCfg = Debug|Any CPU
		{EE35BA22-7A7D-48D1-9977-DA7F9AC1A27F}.Debug|Any CPU.Build.0 = Debug|Any CPU
		{EE35BA22-7A7D-48D1-9977-DA7F9AC1A27F}.Release|Any CPU.ActiveCfg = Release|Any CPU
		{EE35BA22-7A7D-48D1-9977-DA7F9AC1A27F}.Release|Any CPU.Build.0 = Release|Any CPU
	EndGlobalSection
	GlobalSection(SolutionProperties) = preSolution
		HideSolutionNode = FALSE
	EndGlobalSection
	GlobalSection(ExtensibilityGlobals) = postSolution
		SolutionGuid = {94373C28-1F46-40EB-A12A-2BF870942E44}
	EndGlobalSection
EndGlobal
